
Microsoft Visual Studio Solution File, Format Version 12.00
# Visual Studio Version 17
VisualStudioVersion = 17.6.33723.286
MinimumVisualStudioVersion = 10.0.40219.1
Project("{FAE04EC0-301F-11D3-BF4B-00C04F79EFBC}") = "Test", "Test\Test.csproj", "{61508CAA-16CB-4C2B-AE2D-18B71CD188FD}"
EndProject
Global
	GlobalSection(SolutionConfigurationPlatforms) = preSolution
		Debug|Any CPU = Debug|Any CPU
		Release|Any CPU = Release|Any CPU
	EndGlobalSection
	GlobalSection(ProjectConfigurationPlatforms) = postSolution
		{61508CAA-16CB-4C2B-AE2D-18B71CD188FD}.Debug|Any CPU.ActiveCfg = Debug|Any CPU
		{61508CAA-16CB-4C2B-AE2D-18B71CD188FD}.Debug|Any CPU.Build.0 = Debug|Any CPU
		{61508CAA-16CB-4C2B-AE2D-18B71CD188FD}.Release|Any CPU.ActiveCfg = Release|Any CPU
		{61508CAA-16CB-4C2B-AE2D-18B71CD188FD}.Release|Any CPU.Build.0 = Release|Any CPU
	EndGlobalSection
	GlobalSection(SolutionProperties) = preSolution
		HideSolutionNode = FALSE
	EndGlobalSection
	GlobalSection(ExtensibilityGlobals) = postSolution
		SolutionGuid = {CB1B399A-D6AB-448A-96E3-B61DCE5E6C39}
	EndGlobalSection
EndGlobal
